// !$*UTF8*$!
{
	archiveVersion = 1;
	classes = {
	};
	objectVersion = 50;
	objects = {

/* Begin PBXBuildFile section */
		76A986012581A6420029E4A1 /* AppDelegate.swift in Sources */ = {isa = PBXBuildFile; fileRef = 76A986002581A6420029E4A1 /* AppDelegate.swift */; };
		76A986032581A6420029E4A1 /* SceneDelegate.swift in Sources */ = {isa = PBXBuildFile; fileRef = 76A986022581A6420029E4A1 /* SceneDelegate.swift */; };
		76A986052581A6420029E4A1 /* ViewController.swift in Sources */ = {isa = PBXBuildFile; fileRef = 76A986042581A6420029E4A1 /* ViewController.swift */; };
		76A986082581A6420029E4A1 /* Main.storyboard in Resources */ = {isa = PBXBuildFile; fileRef = 76A986062581A6420029E4A1 /* Main.storyboard */; };
		76A9860A2581A6430029E4A1 /* Assets.xcassets in Resources */ = {isa = PBXBuildFile; fileRef = 76A986092581A6430029E4A1 /* Assets.xcassets */; };
		76A9860D2581A6430029E4A1 /* LaunchScreen.storyboard in Resources */ = {isa = PBXBuildFile; fileRef = 76A9860B2581A6430029E4A1 /* LaunchScreen.storyboard */; };
		76A9861D2581A7620029E4A1 /* WidgetKit.framework in Frameworks */ = {isa = PBXBuildFile; fileRef = 76A9861C2581A7620029E4A1 /* WidgetKit.framework */; };
		76A9861F2581A7620029E4A1 /* SwiftUI.framework in Frameworks */ = {isa = PBXBuildFile; fileRef = 76A9861E2581A7620029E4A1 /* SwiftUI.framework */; };
		76A986222581A7620029E4A1 /* CustomWidget.swift in Sources */ = {isa = PBXBuildFile; fileRef = 76A986212581A7620029E4A1 /* CustomWidget.swift */; };
		76A986242581A7640029E4A1 /* Assets.xcassets in Resources */ = {isa = PBXBuildFile; fileRef = 76A986232581A7640029E4A1 /* Assets.xcassets */; };
		76A986282581A7640029E4A1 /* CustomWidgetExtension.appex in Embed App Extensions */ = {isa = PBXBuildFile; fileRef = 76A9861A2581A7620029E4A1 /* CustomWidgetExtension.appex */; settings = {ATTRIBUTES = (RemoveHeadersOnCopy, ); }; };
/* End PBXBuildFile section */

/* Begin PBXContainerItemProxy section */
		76A986262581A7640029E4A1 /* PBXContainerItemProxy */ = {
			isa = PBXContainerItemProxy;
			containerPortal = 76A985F52581A6420029E4A1 /* Project object */;
			proxyType = 1;
			remoteGlobalIDString = 76A986192581A7620029E4A1;
			remoteInfo = CustomWidgetExtension;
		};
/* End PBXContainerItemProxy section */

/* Begin PBXCopyFilesBuildPhase section */
		76A9862C2581A7640029E4A1 /* Embed App Extensions */ = {
			isa = PBXCopyFilesBuildPhase;
			buildActionMask = 2147483647;
			dstPath = "";
			dstSubfolderSpec = 13;
			files = (
				76A986282581A7640029E4A1 /* CustomWidgetExtension.appex in Embed App Extensions */,
			);
			name = "Embed App Extensions";
			runOnlyForDeploymentPostprocessing = 0;
		};
/* End PBXCopyFilesBuildPhase section */

/* Begin PBXFileReference section */
		76A985FD2581A6420029E4A1 /* WidgetSample.app */ = {isa = PBXFileReference; explicitFileType = wrapper.application; includeInIndex = 0; path = WidgetSample.app; sourceTree = BUILT_PRODUCTS_DIR; };
		76A986002581A6420029E4A1 /* AppDelegate.swift */ = {isa = PBXFileReference; lastKnownFileType = sourcecode.swift; path = AppDelegate.swift; sourceTree = "<group>"; };
		76A986022581A6420029E4A1 /* SceneDelegate.swift */ = {isa = PBXFileReference; lastKnownFileType = sourcecode.swift; path = SceneDelegate.swift; sourceTree = "<group>"; };
		76A986042581A6420029E4A1 /* ViewController.swift */ = {isa = PBXFileReference; lastKnownFileType = sourcecode.swift; path = ViewController.swift; sourceTree = "<group>"; };
		76A986072581A6420029E4A1 /* Base */ = {isa = PBXFileReference; lastKnownFileType = file.storyboard; name = Base; path = Base.lproj/Main.storyboard; sourceTree = "<group>"; };
		76A986092581A6430029E4A1 /* Assets.xcassets */ = {isa = PBXFileReference; lastKnownFileType = folder.assetcatalog; path = Assets.xcassets; sourceTree = "<group>"; };
		76A9860C2581A6430029E4A1 /* Base */ = {isa = PBXFileReference; lastKnownFileType = file.storyboard; name = Base; path = Base.lproj/LaunchScreen.storyboard; sourceTree = "<group>"; };
		76A9860E2581A6430029E4A1 /* Info.plist */ = {isa = PBXFileReference; lastKnownFileType = text.plist.xml; path = Info.plist; sourceTree = "<group>"; };
		76A9861A2581A7620029E4A1 /* CustomWidgetExtension.appex */ = {isa = PBXFileReference; explicitFileType = "wrapper.app-extension"; includeInIndex = 0; path = CustomWidgetExtension.appex; sourceTree = BUILT_PRODUCTS_DIR; };
		76A9861C2581A7620029E4A1 /* WidgetKit.framework */ = {isa = PBXFileReference; lastKnownFileType = wrapper.framework; name = WidgetKit.framework; path = System/Library/Frameworks/WidgetKit.framework; sourceTree = SDKROOT; };
		76A9861E2581A7620029E4A1 /* SwiftUI.framework */ = {isa = PBXFileReference; lastKnownFileType = wrapper.framework; name = SwiftUI.framework; path = System/Library/Frameworks/SwiftUI.framework; sourceTree = SDKROOT; };
		76A986212581A7620029E4A1 /* CustomWidget.swift */ = {isa = PBXFileReference; lastKnownFileType = sourcecode.swift; path = CustomWidget.swift; sourceTree = "<group>"; };
		76A986232581A7640029E4A1 /* Assets.xcassets */ = {isa = PBXFileReference; lastKnownFileType = folder.assetcatalog; path = Assets.xcassets; sourceTree = "<group>"; };
		76A986252581A7640029E4A1 /* Info.plist */ = {isa = PBXFileReference; lastKnownFileType = text.plist.xml; path = Info.plist; sourceTree = "<group>"; };
/* End PBXFileReference section */

/* Begin PBXFrameworksBuildPhase section */
		76A985FA2581A6420029E4A1 /* Frameworks */ = {
			isa = PBXFrameworksBuildPhase;
			buildActionMask = 2147483647;
			files = (
			);
			runOnlyForDeploymentPostprocessing = 0;
		};
		76A986172581A7620029E4A1 /* Frameworks */ = {
			isa = PBXFrameworksBuildPhase;
			buildActionMask = 2147483647;
			files = (
				76A9861F2581A7620029E4A1 /* SwiftUI.framework in Frameworks */,
				76A9861D2581A7620029E4A1 /* WidgetKit.framework in Frameworks */,
			);
			runOnlyForDeploymentPostprocessing = 0;
		};
/* End PBXFrameworksBuildPhase section */

/* Begin PBXGroup section */
		76A985F42581A6420029E4A1 = {
			isa = PBXGroup;
			children = (
				76A985FF2581A6420029E4A1 /* WidgetSample */,
				76A986202581A7620029E4A1 /* CustomWidget */,
				76A9861B2581A7620029E4A1 /* Frameworks */,
				76A985FE2581A6420029E4A1 /* Products */,
			);
			sourceTree = "<group>";
		};
		76A985FE2581A6420029E4A1 /* Products */ = {
			isa = PBXGroup;
			children = (
				76A985FD2581A6420029E4A1 /* WidgetSample.app */,
				76A9861A2581A7620029E4A1 /* CustomWidgetExtension.appex */,
			);
			name = Products;
			sourceTree = "<group>";
		};
		76A985FF2581A6420029E4A1 /* WidgetSample */ = {
			isa = PBXGroup;
			children = (
				76A986002581A6420029E4A1 /* AppDelegate.swift */,
				76A986022581A6420029E4A1 /* SceneDelegate.swift */,
				76A986042581A6420029E4A1 /* ViewController.swift */,
				76A986062581A6420029E4A1 /* Main.storyboard */,
				76A986092581A6430029E4A1 /* Assets.xcassets */,
				76A9860B2581A6430029E4A1 /* LaunchScreen.storyboard */,
				76A9860E2581A6430029E4A1 /* Info.plist */,
			);
			path = WidgetSample;
			sourceTree = "<group>";
		};
		76A9861B2581A7620029E4A1 /* Frameworks */ = {
			isa = PBXGroup;
			children = (
				76A9861C2581A7620029E4A1 /* WidgetKit.framework */,
				76A9861E2581A7620029E4A1 /* SwiftUI.framework */,
			);
			name = Frameworks;
			sourceTree = "<group>";
		};
		76A986202581A7620029E4A1 /* CustomWidget */ = {
			isa = PBXGroup;
			children = (
				76A986212581A7620029E4A1 /* CustomWidget.swift */,
				76A986232581A7640029E4A1 /* Assets.xcassets */,
				76A986252581A7640029E4A1 /* Info.plist */,
			);
			path = CustomWidget;
			sourceTree = "<group>";
		};
/* End PBXGroup section */

/* Begin PBXNativeTarget section */
		76A985FC2581A6420029E4A1 /* WidgetSample */ = {
			isa = PBXNativeTarget;
			buildConfigurationList = 76A986112581A6430029E4A1 /* Build configuration list for PBXNativeTarget "WidgetSample" */;
			buildPhases = (
				76A985F92581A6420029E4A1 /* Sources */,
				76A985FA2581A6420029E4A1 /* Frameworks */,
				76A985FB2581A6420029E4A1 /* Resources */,
				76A9862C2581A7640029E4A1 /* Embed App Extensions */,
			);
			buildRules = (
			);
			dependencies = (
				76A986272581A7640029E4A1 /* PBXTargetDependency */,
			);
			name = WidgetSample;
			productName = WidgetSample;
			productReference = 76A985FD2581A6420029E4A1 /* WidgetSample.app */;
			productType = "com.apple.product-type.application";
		};
		76A986192581A7620029E4A1 /* CustomWidgetExtension */ = {
			isa = PBXNativeTarget;
			buildConfigurationList = 76A986292581A7640029E4A1 /* Build configuration list for PBXNativeTarget "CustomWidgetExtension" */;
			buildPhases = (
				76A986162581A7620029E4A1 /* Sources */,
				76A986172581A7620029E4A1 /* Frameworks */,
				76A986182581A7620029E4A1 /* Resources */,
			);
			buildRules = (
			);
			dependencies = (
			);
			name = CustomWidgetExtension;
			productName = CustomWidgetExtension;
			productReference = 76A9861A2581A7620029E4A1 /* CustomWidgetExtension.appex */;
			productType = "com.apple.product-type.app-extension";
		};
/* End PBXNativeTarget section */

/* Begin PBXProject section */
		76A985F52581A6420029E4A1 /* Project object */ = {
			isa = PBXProject;
			attributes = {
				LastSwiftUpdateCheck = 1220;
				LastUpgradeCheck = 1220;
				TargetAttributes = {
					76A985FC2581A6420029E4A1 = {
						CreatedOnToolsVersion = 12.2;
					};
					76A986192581A7620029E4A1 = {
						CreatedOnToolsVersion = 12.2;
					};
				};
			};
			buildConfigurationList = 76A985F82581A6420029E4A1 /* Build configuration list for PBXProject "WidgetSample" */;
			compatibilityVersion = "Xcode 9.3";
			developmentRegion = en;
			hasScannedForEncodings = 0;
			knownRegions = (
				en,
				Base,
			);
			mainGroup = 76A985F42581A6420029E4A1;
			productRefGroup = 76A985FE2581A6420029E4A1 /* Products */;
			projectDirPath = "";
			projectRoot = "";
			targets = (
				76A985FC2581A6420029E4A1 /* WidgetSample */,
				76A986192581A7620029E4A1 /* CustomWidgetExtension */,
			);
		};
/* End PBXProject section */

/* Begin PBXResourcesBuildPhase section */
		76A985FB2581A6420029E4A1 /* Resources */ = {
			isa = PBXResourcesBuildPhase;
			buildActionMask = 2147483647;
			files = (
				76A9860D2581A6430029E4A1 /* LaunchScreen.storyboard in Resources */,
				76A9860A2581A6430029E4A1 /* Assets.xcassets in Resources */,
				76A986082581A6420029E4A1 /* Main.storyboard in Resources */,
			);
			runOnlyForDeploymentPostprocessing = 0;
		};
		76A986182581A7620029E4A1 /* Resources */ = {
			isa = PBXResourcesBuildPhase;
			buildActionMask = 2147483647;
			files = (
				76A986242581A7640029E4A1 /* Assets.xcassets in Resources */,
			);
			runOnlyForDeploymentPostprocessing = 0;
		};
/* End PBXResourcesBuildPhase section */

/* Begin PBXSourcesBuildPhase section */
		76A985F92581A6420029E4A1 /* Sources */ = {
			isa = PBXSourcesBuildPhase;
			buildActionMask = 2147483647;
			files = (
				76A986052581A6420029E4A1 /* ViewController.swift in Sources */,
				76A986012581A6420029E4A1 /* AppDelegate.swift in Sources */,
				76A986032581A6420029E4A1 /* SceneDelegate.swift in Sources */,
			);
			runOnlyForDeploymentPostprocessing = 0;
		};
		76A986162581A7620029E4A1 /* Sources */ = {
			isa = PBXSourcesBuildPhase;
			buildActionMask = 2147483647;
			files = (
				76A986222581A7620029E4A1 /* CustomWidget.swift in Sources */,
			);
			runOnlyForDeploymentPostprocessing = 0;
		};
/* End PBXSourcesBuildPhase section */

/* Begin PBXTargetDependency section */
		76A986272581A7640029E4A1 /* PBXTargetDependency */ = {
			isa = PBXTargetDependency;
			target = 76A986192581A7620029E4A1 /* CustomWidgetExtension */;
			targetProxy = 76A986262581A7640029E4A1 /* PBXContainerItemProxy */;
		};
/* End PBXTargetDependency section */

/* Begin PBXVariantGroup section */
		76A986062581A6420029E4A1 /* Main.storyboard */ = {
			isa = PBXVariantGroup;
			children = (
				76A986072581A6420029E4A1 /* Base */,
			);
			name = Main.storyboard;
			sourceTree = "<group>";
		};
		76A9860B2581A6430029E4A1 /* LaunchScreen.storyboard */ = {
			isa = PBXVariantGroup;
			children = (
				76A9860C2581A6430029E4A1 /* Base */,
			);
			name = LaunchScreen.storyboard;
			sourceTree = "<group>";
		};
/* End PBXVariantGroup section */

/* Begin XCBuildConfiguration section */
		76A9860F2581A6430029E4A1 /* Debug */ = {
			isa = XCBuildConfiguration;
			buildSettings = {
				ALWAYS_SEARCH_USER_PATHS = NO;
				CLANG_ANALYZER_NONNULL = YES;
				CLANG_ANALYZER_NUMBER_OBJECT_CONVERSION = YES_AGGRESSIVE;
				CLANG_CXX_LANGUAGE_STANDARD = "gnu++14";
				CLANG_CXX_LIBRARY = "libc++";
				CLANG_ENABLE_MODULES = YES;
				CLANG_ENABLE_OBJC_ARC = YES;
				CLANG_ENABLE_OBJC_WEAK = YES;
				CLANG_WARN_BLOCK_CAPTURE_AUTORELEASING = YES;
				CLANG_WARN_BOOL_CONVERSION = YES;
				CLANG_WARN_COMMA = YES;
				CLANG_WARN_CONSTANT_CONVERSION = YES;
				CLANG_WARN_DEPRECATED_OBJC_IMPLEMENTATIONS = YES;
				CLANG_WARN_DIRECT_OBJC_ISA_USAGE = YES_ERROR;
				CLANG_WARN_DOCUMENTATION_COMMENTS = YES;
				CLANG_WARN_EMPTY_BODY = YES;
				CLANG_WARN_ENUM_CONVERSION = YES;
				CLANG_WARN_INFINITE_RECURSION = YES;
				CLANG_WARN_INT_CONVERSION = YES;
				CLANG_WARN_NON_LITERAL_NULL_CONVERSION = YES;
				CLANG_WARN_OBJC_IMPLICIT_RETAIN_SELF = YES;
				CLANG_WARN_OBJC_LITERAL_CONVERSION = YES;
				CLANG_WARN_OBJC_ROOT_CLASS = YES_ERROR;
				CLANG_WARN_QUOTED_INCLUDE_IN_FRAMEWORK_HEADER = YES;
				CLANG_WARN_RANGE_LOOP_ANALYSIS = YES;
				CLANG_WARN_STRICT_PROTOTYPES = YES;
				CLANG_WARN_SUSPICIOUS_MOVE = YES;
				CLANG_WARN_UNGUARDED_AVAILABILITY = YES_AGGRESSIVE;
				CLANG_WARN_UNREACHABLE_CODE = YES;
				CLANG_WARN__DUPLICATE_METHOD_MATCH = YES;
				COPY_PHASE_STRIP = NO;
				DEBUG_INFORMATION_FORMAT = dwarf;
				ENABLE_STRICT_OBJC_MSGSEND = YES;
				ENABLE_TESTABILITY = YES;
				GCC_C_LANGUAGE_STANDARD = gnu11;
				GCC_DYNAMIC_NO_PIC = NO;
				GCC_NO_COMMON_BLOCKS = YES;
				GCC_OPTIMIZATION_LEVEL = 0;
				GCC_PREPROCESSOR_DEFINITIONS = (
					"DEBUG=1",
					"$(inherited)",
				);
				GCC_WARN_64_TO_32_BIT_CONVERSION = YES;
				GCC_WARN_ABOUT_RETURN_TYPE = YES_ERROR;
				GCC_WARN_UNDECLARED_SELECTOR = YES;
				GCC_WARN_UNINITIALIZED_AUTOS = YES_AGGRESSIVE;
				GCC_WARN_UNUSED_FUNCTION = YES;
				GCC_WARN_UNUSED_VARIABLE = YES;
				IPHONEOS_DEPLOYMENT_TARGET = 14.2;
				MTL_ENABLE_DEBUG_INFO = INCLUDE_SOURCE;
				MTL_FAST_MATH = YES;
				ONLY_ACTIVE_ARCH = YES;
				SDKROOT = iphoneos;
				SWIFT_ACTIVE_COMPILATION_CONDITIONS = DEBUG;
				SWIFT_OPTIMIZATION_LEVEL = "-Onone";
			};
			name = Debug;
		};
		76A986102581A6430029E4A1 /* Release */ = {
			isa = XCBuildConfiguration;
			buildSettings = {
				ALWAYS_SEARCH_USER_PATHS = NO;
				CLANG_ANALYZER_NONNULL = YES;
				CLANG_ANALYZER_NUMBER_OBJECT_CONVERSION = YES_AGGRESSIVE;
				CLANG_CXX_LANGUAGE_STANDARD = "gnu++14";
				CLANG_CXX_LIBRARY = "libc++";
				CLANG_ENABLE_MODULES = YES;
				CLANG_ENABLE_OBJC_ARC = YES;
				CLANG_ENABLE_OBJC_WEAK = YES;
				CLANG_WARN_BLOCK_CAPTURE_AUTORELEASING = YES;
				CLANG_WARN_BOOL_CONVERSION = YES;
				CLANG_WARN_COMMA = YES;
				CLANG_WARN_CONSTANT_CONVERSION = YES;
				CLANG_WARN_DEPRECATED_OBJC_IMPLEMENTATIONS = YES;
				CLANG_WARN_DIRECT_OBJC_ISA_USAGE = YES_ERROR;
				CLANG_WARN_DOCUMENTATION_COMMENTS = YES;
				CLANG_WARN_EMPTY_BODY = YES;
				CLANG_WARN_ENUM_CONVERSION = YES;
				CLANG_WARN_INFINITE_RECURSION = YES;
				CLANG_WARN_INT_CONVERSION = YES;
				CLANG_WARN_NON_LITERAL_NULL_CONVERSION = YES;
				CLANG_WARN_OBJC_IMPLICIT_RETAIN_SELF = YES;
				CLANG_WARN_OBJC_LITERAL_CONVERSION = YES;
				CLANG_WARN_OBJC_ROOT_CLASS = YES_ERROR;
				CLANG_WARN_QUOTED_INCLUDE_IN_FRAMEWORK_HEADER = YES;
				CLANG_WARN_RANGE_LOOP_ANALYSIS = YES;
				CLANG_WARN_STRICT_PROTOTYPES = YES;
				CLANG_WARN_SUSPICIOUS_MOVE = YES;
				CLANG_WARN_UNGUARDED_AVAILABILITY = YES_AGGRESSIVE;
				CLANG_WARN_UNREACHABLE_CODE = YES;
				CLANG_WARN__DUPLICATE_METHOD_MATCH = YES;
				COPY_PHASE_STRIP = NO;
				DEBUG_INFORMATION_FORMAT = "dwarf-with-dsym";
				ENABLE_NS_ASSERTIONS = NO;
				ENABLE_STRICT_OBJC_MSGSEND = YES;
				GCC_C_LANGUAGE_STANDARD = gnu11;
				GCC_NO_COMMON_BLOCKS = YES;
				GCC_WARN_64_TO_32_BIT_CONVERSION = YES;
				GCC_WARN_ABOUT_RETURN_TYPE = YES_ERROR;
				GCC_WARN_UNDECLARED_SELECTOR = YES;
				GCC_WARN_UNINITIALIZED_AUTOS = YES_AGGRESSIVE;
				GCC_WARN_UNUSED_FUNCTION = YES;
				GCC_WARN_UNUSED_VARIABLE = YES;
				IPHONEOS_DEPLOYMENT_TARGET = 14.2;
				MTL_ENABLE_DEBUG_INFO = NO;
				MTL_FAST_MATH = YES;
				SDKROOT = iphoneos;
				SWIFT_COMPILATION_MODE = wholemodule;
				SWIFT_OPTIMIZATION_LEVEL = "-O";
				VALIDATE_PRODUCT = YES;
			};
			name = Release;
		};
		76A986122581A6430029E4A1 /* Debug */ = {
			isa = XCBuildConfiguration;
			buildSettings = {
				ALWAYS_EMBED_SWIFT_STANDARD_LIBRARIES = YES;
				ASSETCATALOG_COMPILER_APPICON_NAME = AppIcon;
				ASSETCATALOG_COMPILER_GLOBAL_ACCENT_COLOR_NAME = AccentColor;
				CODE_SIGN_STYLE = Automatic;
				DEVELOPMENT_TEAM = 994BWAVX9G;
				INFOPLIST_FILE = WidgetSample/Info.plist;
				IPHONEOS_DEPLOYMENT_TARGET = 10.0;
				LD_RUNPATH_SEARCH_PATHS = (
					"$(inherited)",
					"@executable_path/Frameworks",
				);
				PRODUCT_BUNDLE_IDENTIFIER = com.Webcash.WidgetSample;
				PRODUCT_NAME = "$(TARGET_NAME)";
				SWIFT_VERSION = 5.0;
				TARGETED_DEVICE_FAMILY = 1;
			};
			name = Debug;
		};
		76A986132581A6430029E4A1 /* Release */ = {
			isa = XCBuildConfiguration;
			buildSettings = {
				ALWAYS_EMBED_SWIFT_STANDARD_LIBRARIES = YES;
				ASSETCATALOG_COMPILER_APPICON_NAME = AppIcon;
				ASSETCATALOG_COMPILER_GLOBAL_ACCENT_COLOR_NAME = AccentColor;
				CODE_SIGN_STYLE = Automatic;
				DEVELOPMENT_TEAM = 994BWAVX9G;
				INFOPLIST_FILE = WidgetSample/Info.plist;
				IPHONEOS_DEPLOYMENT_TARGET = 10.0;
				LD_RUNPATH_SEARCH_PATHS = (
					"$(inherited)",
					"@executable_path/Frameworks",
				);
				PRODUCT_BUNDLE_IDENTIFIER = com.Webcash.WidgetSample;
				PRODUCT_NAME = "$(TARGET_NAME)";
				SWIFT_VERSION = 5.0;
				TARGETED_DEVICE_FAMILY = 1;
			};
			name = Release;
		};
		76A9862A2581A7640029E4A1 /* Debug */ = {
			isa = XCBuildConfiguration;
			buildSettings = {
				ASSETCATALOG_COMPILER_GLOBAL_ACCENT_COLOR_NAME = AccentColor;
				ASSETCATALOG_COMPILER_WIDGET_BACKGROUND_COLOR_NAME = WidgetBackground;
				CODE_SIGN_STYLE = Automatic;
				DEVELOPMENT_TEAM = 994BWAVX9G;
				INFOPLIST_FILE = CustomWidget/Info.plist;
				LD_RUNPATH_SEARCH_PATHS = (
					"$(inherited)",
					"@executable_path/Frameworks",
					"@executable_path/../../Frameworks",
				);
				PRODUCT_BUNDLE_IDENTIFIER = com.Webcash.WidgetSample.CustomWidget;
				PRODUCT_NAME = "$(TARGET_NAME)";
				SKIP_INSTALL = YES;
				SWIFT_VERSION = 5.0;
				TARGETED_DEVICE_FAMILY = "1,2";
			};
			name = Debug;
		};
		76A9862B2581A7640029E4A1 /* Release */ = {
			isa = XCBuildConfiguration;
			buildSettings = {
				ASSETCATALOG_COMPILER_GLOBAL_ACCENT_COLOR_NAME = AccentColor;
				ASSETCATALOG_COMPILER_WIDGET_BACKGROUND_COLOR_NAME = WidgetBackground;
				CODE_SIGN_STYLE = Automatic;
				DEVELOPMENT_TEAM = 994BWAVX9G;
				INFOPLIST_FILE = CustomWidget/Info.plist;
				LD_RUNPATH_SEARCH_PATHS = (
					"$(inherited)",
					"@executable_path/Frameworks",
					"@executable_path/../../Frameworks",
				);
				PRODUCT_BUNDLE_IDENTIFIER = com.Webcash.WidgetSample.CustomWidget;
				PRODUCT_NAME = "$(TARGET_NAME)";
				SKIP_INSTALL = YES;
				SWIFT_VERSION = 5.0;
				TARGETED_DEVICE_FAMILY = "1,2";
			};
			name = Release;
		};
/* End XCBuildConfiguration section */

/* Begin XCConfigurationList section */
		76A985F82581A6420029E4A1 /* Build configuration list for PBXProject "WidgetSample" */ = {
			isa = XCConfigurationList;
			buildConfigurations = (
				76A9860F2581A6430029E4A1 /* Debug */,
				76A986102581A6430029E4A1 /* Release */,
			);
			defaultConfigurationIsVisible = 0;
			defaultConfigurationName = Release;
		};
		76A986112581A6430029E4A1 /* Build configuration list for PBXNativeTarget "WidgetSample" */ = {
			isa = XCConfigurationList;
			buildConfigurations = (
				76A986122581A6430029E4A1 /* Debug */,
				76A986132581A6430029E4A1 /* Release */,
			);
			defaultConfigurationIsVisible = 0;
			defaultConfigurationName = Release;
		};
		76A986292581A7640029E4A1 /* Build configuration list for PBXNativeTarget "CustomWidgetExtension" */ = {
			isa = XCConfigurationList;
			buildConfigurations = (
				76A9862A2581A7640029E4A1 /* Debug */,
				76A9862B2581A7640029E4A1 /* Release */,
			);
			defaultConfigurationIsVisible = 0;
			defaultConfigurationName = Release;
		};
/* End XCConfigurationList section */
	};
	rootObject = 76A985F52581A6420029E4A1 /* Project object */;
}
